
Microsoft Visual Studio Solution File, Format Version 12.00
# Visual Studio 15
VisualStudioVersion = 15.0.28307.489
MinimumVisualStudioVersion = 10.0.40219.1
Project("{FAE04EC0-301F-11D3-BF4B-00C04F79EFBC}") = "SportClub", "SportClub\SportClub.csproj", "{00893CC5-4EBB-4419-AAB4-B54EFB8F587C}"
EndProject
Project("{FAE04EC0-301F-11D3-BF4B-00C04F79EFBC}") = "DatabaseModel", "DatabaseModel\DatabaseModel.csproj", "{8E732021-3733-46E8-B8D0-40CA6C826BBC}"
EndProject
Project("{FAE04EC0-301F-11D3-BF4B-00C04F79EFBC}") = "PresentationLayer", "PresentationLayer\PresentationLayer.csproj", "{8E465220-F6AE-4CE1-B0F6-BE35B433A621}"
EndProject
Global
	GlobalSection(SolutionConfigurationPlatforms) = preSolution
		Debug|Any CPU = Debug|Any CPU
		Release|Any CPU = Release|Any CPU
	EndGlobalSection
	GlobalSection(ProjectConfigurationPlatforms) = postSolution
		{00893CC5-4EBB-4419-AAB4-B54EFB8F587C}.Debug|Any CPU.ActiveCfg = Debug|Any CPU
		{00893CC5-4EBB-4419-AAB4-B54EFB8F587C}.Debug|Any CPU.Build.0 = Debug|Any CPU
		{00893CC5-4EBB-4419-AAB4-B54EFB8F587C}.Release|Any CPU.ActiveCfg = Release|Any CPU
		{00893CC5-4EBB-4419-AAB4-B54EFB8F587C}.Release|Any CPU.Build.0 = Release|Any CPU
		{8E732021-3733-46E8-B8D0-40CA6C826BBC}.Debug|Any CPU.ActiveCfg = Debug|Any CPU
		{8E732021-3733-46E8-B8D0-40CA6C826BBC}.Debug|Any CPU.Build.0 = Debug|Any CPU
		{8E732021-3733-46E8-B8D0-40CA6C826BBC}.Release|Any CPU.ActiveCfg = Release|Any CPU
		{8E732021-3733-46E8-B8D0-40CA6C826BBC}.Release|Any CPU.Build.0 = Release|Any CPU
		{8E465220-F6AE-4CE1-B0F6-BE35B433A621}.Debug|Any CPU.ActiveCfg = Debug|Any CPU
		{8E465220-F6AE-4CE1-B0F6-BE35B433A621}.Debug|Any CPU.Build.0 = Debug|Any CPU
		{8E465220-F6AE-4CE1-B0F6-BE35B433A621}.Release|Any CPU.ActiveCfg = Release|Any CPU
		{8E465220-F6AE-4CE1-B0F6-BE35B433A621}.Release|Any CPU.Build.0 = Release|Any CPU
	EndGlobalSection
	GlobalSection(SolutionProperties) = preSolution
		HideSolutionNode = FALSE
	EndGlobalSection
	GlobalSection(ExtensibilityGlobals) = postSolution
		SolutionGuid = {6B64CFF9-0217-4B3C-800E-5789DE5C1049}
	EndGlobalSection
EndGlobal
